
Microsoft Visual Studio Solution File, Format Version 12.00
# Visual Studio Version 17
VisualStudioVersion = 17.14.36221.1
MinimumVisualStudioVersion = 10.0.40219.1
Project("{2150E333-8FDC-42A3-9474-1A3956D46DE8}") = "솔루션 항목", "솔루션 항목", "{2A3A057F-5D22-31FD-628C-DF5EF75AEF1E}"
	ProjectSection(SolutionItems) = preProject
		Directory.Build.props = Directory.Build.props
		Directory.Packages.props = Directory.Packages.props
	EndProjectSection
EndProject
Project("{FAE04EC0-301F-11D3-BF4B-00C04F79EFBC}") = "EasyVHD", "EasyVHD\EasyVHD.csproj", "{69311F09-067B-48D4-8A58-1EC346AE93CD}"
EndProject
Project("{FAE04EC0-301F-11D3-BF4B-00C04F79EFBC}") = "EasyVHD.Shared", "EasyVHD.Shared\EasyVHD.Shared.csproj", "{2D58A5BD-FB1B-4C7A-AC47-26CD3971764E}"
EndProject
Global
	GlobalSection(SolutionConfigurationPlatforms) = preSolution
		Debug|ARM64 = Debug|ARM64
		Debug|x64 = Debug|x64
		Release|ARM64 = Release|ARM64
		Release|x64 = Release|x64
	EndGlobalSection
	GlobalSection(ProjectConfigurationPlatforms) = postSolution
		{69311F09-067B-48D4-8A58-1EC346AE93CD}.Debug|ARM64.ActiveCfg = Debug|ARM64
		{69311F09-067B-48D4-8A58-1EC346AE93CD}.Debug|ARM64.Build.0 = Debug|ARM64
		{69311F09-067B-48D4-8A58-1EC346AE93CD}.Debug|x64.ActiveCfg = Debug|x64
		{69311F09-067B-48D4-8A58-1EC346AE93CD}.Debug|x64.Build.0 = Debug|x64
		{69311F09-067B-48D4-8A58-1EC346AE93CD}.Release|ARM64.ActiveCfg = Release|ARM64
		{69311F09-067B-48D4-8A58-1EC346AE93CD}.Release|ARM64.Build.0 = Release|ARM64
		{69311F09-067B-48D4-8A58-1EC346AE93CD}.Release|x64.ActiveCfg = Release|x64
		{69311F09-067B-48D4-8A58-1EC346AE93CD}.Release|x64.Build.0 = Release|x64
		{2D58A5BD-FB1B-4C7A-AC47-26CD3971764E}.Debug|ARM64.ActiveCfg = Debug|Any CPU
		{2D58A5BD-FB1B-4C7A-AC47-26CD3971764E}.Debug|ARM64.Build.0 = Debug|Any CPU
		{2D58A5BD-FB1B-4C7A-AC47-26CD3971764E}.Debug|x64.ActiveCfg = Debug|Any CPU
		{2D58A5BD-FB1B-4C7A-AC47-26CD3971764E}.Debug|x64.Build.0 = Debug|Any CPU
		{2D58A5BD-FB1B-4C7A-AC47-26CD3971764E}.Release|ARM64.ActiveCfg = Release|Any CPU
		{2D58A5BD-FB1B-4C7A-AC47-26CD3971764E}.Release|ARM64.Build.0 = Release|Any CPU
		{2D58A5BD-FB1B-4C7A-AC47-26CD3971764E}.Release|x64.ActiveCfg = Release|Any CPU
		{2D58A5BD-FB1B-4C7A-AC47-26CD3971764E}.Release|x64.Build.0 = Release|Any CPU
	EndGlobalSection
	GlobalSection(SolutionProperties) = preSolution
		HideSolutionNode = FALSE
	EndGlobalSection
	GlobalSection(ExtensibilityGlobals) = postSolution
		SolutionGuid = {BDB1A30A-BD70-493A-830E-318FAD507CD1}
	EndGlobalSection
EndGlobal
